
Microsoft Visual Studio Solution File, Format Version 12.00
# Visual Studio Version 17
VisualStudioVersion = 17.12.35707.178 d17.12
MinimumVisualStudioVersion = 10.0.40219.1
Project("{FAE04EC0-301F-11D3-BF4B-00C04F79EFBC}") = "WebApi", "WebApi\WebApi.csproj", "{A0302897-2CBE-49AC-9D78-AF527AF0D583}"
EndProject
Project("{FAE04EC0-301F-11D3-BF4B-00C04F79EFBC}") = "Domain", "Domain\Domain.csproj", "{AC465288-D20B-404B-A1CE-72A61716590A}"
EndProject
Project("{FAE04EC0-301F-11D3-BF4B-00C04F79EFBC}") = "Services", "Services\Services.csproj", "{4440A155-A928-4BFE-85E6-7F62B3430587}"
EndProject
Project("{2150E333-8FDC-42A3-9474-1A3956D46DE8}") = "Infrastucture", "Infrastucture", "{32186C3B-F06A-4E6A-A27A-70C9FE117498}"
EndProject
Project("{FAE04EC0-301F-11D3-BF4B-00C04F79EFBC}") = "Persistanse", "Persistanse\Persistanse.csproj", "{A4120D59-DA60-41DB-89D2-39F66723B7EB}"
EndProject
Global
	GlobalSection(SolutionConfigurationPlatforms) = preSolution
		Debug|Any CPU = Debug|Any CPU
		Release|Any CPU = Release|Any CPU
	EndGlobalSection
	GlobalSection(ProjectConfigurationPlatforms) = postSolution
		{A0302897-2CBE-49AC-9D78-AF527AF0D583}.Debug|Any CPU.ActiveCfg = Debug|Any CPU
		{A0302897-2CBE-49AC-9D78-AF527AF0D583}.Debug|Any CPU.Build.0 = Debug|Any CPU
		{A0302897-2CBE-49AC-9D78-AF527AF0D583}.Release|Any CPU.ActiveCfg = Release|Any CPU
		{A0302897-2CBE-49AC-9D78-AF527AF0D583}.Release|Any CPU.Build.0 = Release|Any CPU
		{AC465288-D20B-404B-A1CE-72A61716590A}.Debug|Any CPU.ActiveCfg = Debug|Any CPU
		{AC465288-D20B-404B-A1CE-72A61716590A}.Debug|Any CPU.Build.0 = Debug|Any CPU
		{AC465288-D20B-404B-A1CE-72A61716590A}.Release|Any CPU.ActiveCfg = Release|Any CPU
		{AC465288-D20B-404B-A1CE-72A61716590A}.Release|Any CPU.Build.0 = Release|Any CPU
		{4440A155-A928-4BFE-85E6-7F62B3430587}.Debug|Any CPU.ActiveCfg = Debug|Any CPU
		{4440A155-A928-4BFE-85E6-7F62B3430587}.Debug|Any CPU.Build.0 = Debug|Any CPU
		{4440A155-A928-4BFE-85E6-7F62B3430587}.Release|Any CPU.ActiveCfg = Release|Any CPU
		{4440A155-A928-4BFE-85E6-7F62B3430587}.Release|Any CPU.Build.0 = Release|Any CPU
		{A4120D59-DA60-41DB-89D2-39F66723B7EB}.Debug|Any CPU.ActiveCfg = Debug|Any CPU
		{A4120D59-DA60-41DB-89D2-39F66723B7EB}.Debug|Any CPU.Build.0 = Debug|Any CPU
		{A4120D59-DA60-41DB-89D2-39F66723B7EB}.Release|Any CPU.ActiveCfg = Release|Any CPU
		{A4120D59-DA60-41DB-89D2-39F66723B7EB}.Release|Any CPU.Build.0 = Release|Any CPU
	EndGlobalSection
	GlobalSection(SolutionProperties) = preSolution
		HideSolutionNode = FALSE
	EndGlobalSection
	GlobalSection(NestedProjects) = preSolution
		{A4120D59-DA60-41DB-89D2-39F66723B7EB} = {32186C3B-F06A-4E6A-A27A-70C9FE117498}
	EndGlobalSection
EndGlobal
